# THIS IS AN AUTOGENERATED FILE. DO NOT EDIT THIS FILE DIRECTLY.
# yarn lockfile v1


"@types/lodash@^4.14.106":
  version "4.14.157"
  resolved "https://registry.yarnpkg.com/@types/lodash/-/lodash-4.14.157.tgz#fdac1c52448861dfde1a2e1515dbc46e54926dc8"
  integrity sha512-Ft5BNFmv2pHDgxV5JDsndOWTRJ+56zte0ZpYLowp03tW+K+t8u8YMOzAnpuqPgzX6WO1XpDIUm7u04M8vdDiVQ==

lodash@^4.17.5:
  version "4.17.17"
  resolved "https://registry.yarnpkg.com/lodash/-/lodash-4.17.17.tgz#d9018b3acc57a95c9dcf4a45c6b63b877b6c2d45"
  integrity sha512-/B2DjOphAoqi5BX4Gg2oh4UR0Gy/A7xYAMh3aSECEKzwS3eCDEpS0Cals1Ktvxwlal3bBJNc+5W9kNIcADdw5Q==

typescript@2.8.1:
  version "2.8.1"
  resolved "https://registry.yarnpkg.com/typescript/-/typescript-2.8.1.tgz#6160e4f8f195d5ba81d4876f9c0cc1fbc0820624"
  integrity sha512-Ao/f6d/4EPLq0YwzsQz8iXflezpTkQzqAyenTiw4kCUGr1uPiFLC3+fZ+gMZz6eeI/qdRUqvC+HxIJzUAzEFdg==
